// !$*UTF8*$!
{
	archiveVersion = 1;
	classes = {
	};
	objectVersion = 46;
	objects = {

/* Begin PBXBuildFile section */
		2EFEB7681F17442B0007074B /* main.m in Sources */ = {isa = PBXBuildFile; fileRef = 2EFEB7671F17442B0007074B /* main.m */; };
		2EFEB7711F17442B0007074B /* Main.storyboard in Resources */ = {isa = PBXBuildFile; fileRef = 2EFEB76F1F17442B0007074B /* Main.storyboard */; };
		2EFEB7731F17442B0007074B /* Assets.xcassets in Resources */ = {isa = PBXBuildFile; fileRef = 2EFEB7721F17442B0007074B /* Assets.xcassets */; };
		2EFEB7761F17442B0007074B /* LaunchScreen.storyboard in Resources */ = {isa = PBXBuildFile; fileRef = 2EFEB7741F17442B0007074B /* LaunchScreen.storyboard */; };
		2EFEB7811F17442B0007074B /* TableVeiwcellTimeCountdownTests.m in Sources */ = {isa = PBXBuildFile; fileRef = 2EFEB7801F17442B0007074B /* TableVeiwcellTimeCountdownTests.m */; };
		2EFEB78C1F17442B0007074B /* TableVeiwcellTimeCountdownUITests.m in Sources */ = {isa = PBXBuildFile; fileRef = 2EFEB78B1F17442B0007074B /* TableVeiwcellTimeCountdownUITests.m */; };
		2EFEB79F1F1745520007074B /* AppDelegate.m in Sources */ = {isa = PBXBuildFile; fileRef = 2EFEB79B1F1745520007074B /* AppDelegate.m */; };
		2EFEB7A91F1748570007074B /* CountdownViewController.m in Sources */ = {isa = PBXBuildFile; fileRef = 2EFEB7A81F1748570007074B /* CountdownViewController.m */; };
		2EFEB7AC1F1748A80007074B /* CountdownTableViewCell.m in Sources */ = {isa = PBXBuildFile; fileRef = 2EFEB7AB1F1748A80007074B /* CountdownTableViewCell.m */; };
		2EFEB7B01F17494E0007074B /* TimeModel.m in Sources */ = {isa = PBXBuildFile; fileRef = 2EFEB7AF1F17494E0007074B /* TimeModel.m */; };
		2EFEB7B71F1750830007074B /* UIView+Frame.m in Sources */ = {isa = PBXBuildFile; fileRef = 2EFEB7B61F1750830007074B /* UIView+Frame.m */; };
/* End PBXBuildFile section */

/* Begin PBXContainerItemProxy section */
		2EFEB77D1F17442B0007074B /* PBXContainerItemProxy */ = {
			isa = PBXContainerItemProxy;
			containerPortal = 2EFEB75B1F17442A0007074B /* Project object */;
			proxyType = 1;
			remoteGlobalIDString = 2EFEB7621F17442B0007074B;
			remoteInfo = TableVeiwcellTimeCountdown;
		};
		2EFEB7881F17442B0007074B /* PBXContainerItemProxy */ = {
			isa = PBXContainerItemProxy;
			containerPortal = 2EFEB75B1F17442A0007074B /* Project object */;
			proxyType = 1;
			remoteGlobalIDString = 2EFEB7621F17442B0007074B;
			remoteInfo = TableVeiwcellTimeCountdown;
		};
/* End PBXContainerItemProxy section */

/* Begin PBXFileReference section */
		2EFEB7631F17442B0007074B /* TableVeiwcellTimeCountdown.app */ = {isa = PBXFileReference; explicitFileType = wrapper.application; includeInIndex = 0; path = TableVeiwcellTimeCountdown.app; sourceTree = BUILT_PRODUCTS_DIR; };
		2EFEB7671F17442B0007074B /* main.m */ = {isa = PBXFileReference; lastKnownFileType = sourcecode.c.objc; path = main.m; sourceTree = "<group>"; };
		2EFEB7701F17442B0007074B /* Base */ = {isa = PBXFileReference; lastKnownFileType = file.storyboard; name = Base; path = Base.lproj/Main.storyboard; sourceTree = "<group>"; };
		2EFEB7721F17442B0007074B /* Assets.xcassets */ = {isa = PBXFileReference; lastKnownFileType = folder.assetcatalog; path = Assets.xcassets; sourceTree = "<group>"; };
		2EFEB7751F17442B0007074B /* Base */ = {isa = PBXFileReference; lastKnownFileType = file.storyboard; name = Base; path = Base.lproj/LaunchScreen.storyboard; sourceTree = "<group>"; };
		2EFEB7771F17442B0007074B /* Info.plist */ = {isa = PBXFileReference; lastKnownFileType = text.plist.xml; path = Info.plist; sourceTree = "<group>"; };
		2EFEB77C1F17442B0007074B /* TableVeiwcellTimeCountdownTests.xctest */ = {isa = PBXFileReference; explicitFileType = wrapper.cfbundle; includeInIndex = 0; path = TableVeiwcellTimeCountdownTests.xctest; sourceTree = BUILT_PRODUCTS_DIR; };
		2EFEB7801F17442B0007074B /* TableVeiwcellTimeCountdownTests.m */ = {isa = PBXFileReference; lastKnownFileType = sourcecode.c.objc; path = TableVeiwcellTimeCountdownTests.m; sourceTree = "<group>"; };
		2EFEB7821F17442B0007074B /* Info.plist */ = {isa = PBXFileReference; lastKnownFileType = text.plist.xml; path = Info.plist; sourceTree = "<group>"; };
		2EFEB7871F17442B0007074B /* TableVeiwcellTimeCountdownUITests.xctest */ = {isa = PBXFileReference; explicitFileType = wrapper.cfbundle; includeInIndex = 0; path = TableVeiwcellTimeCountdownUITests.xctest; sourceTree = BUILT_PRODUCTS_DIR; };
		2EFEB78B1F17442B0007074B /* TableVeiwcellTimeCountdownUITests.m */ = {isa = PBXFileReference; lastKnownFileType = sourcecode.c.objc; path = TableVeiwcellTimeCountdownUITests.m; sourceTree = "<group>"; };
		2EFEB78D1F17442B0007074B /* Info.plist */ = {isa = PBXFileReference; lastKnownFileType = text.plist.xml; path = Info.plist; sourceTree = "<group>"; };
		2EFEB79A1F1745520007074B /* AppDelegate.h */ = {isa = PBXFileReference; fileEncoding = 4; lastKnownFileType = sourcecode.c.h; path = AppDelegate.h; sourceTree = "<group>"; };
		2EFEB79B1F1745520007074B /* AppDelegate.m */ = {isa = PBXFileReference; fileEncoding = 4; lastKnownFileType = sourcecode.c.objc; path = AppDelegate.m; sourceTree = "<group>"; };
		2EFEB7A71F1748570007074B /* CountdownViewController.h */ = {isa = PBXFileReference; fileEncoding = 4; lastKnownFileType = sourcecode.c.h; path = CountdownViewController.h; sourceTree = "<group>"; };
		2EFEB7A81F1748570007074B /* CountdownViewController.m */ = {isa = PBXFileReference; fileEncoding = 4; lastKnownFileType = sourcecode.c.objc; path = CountdownViewController.m; sourceTree = "<group>"; };
		2EFEB7AA1F1748A80007074B /* CountdownTableViewCell.h */ = {isa = PBXFileReference; fileEncoding = 4; lastKnownFileType = sourcecode.c.h; path = CountdownTableViewCell.h; sourceTree = "<group>"; };
		2EFEB7AB1F1748A80007074B /* CountdownTableViewCell.m */ = {isa = PBXFileReference; fileEncoding = 4; lastKnownFileType = sourcecode.c.objc; path = CountdownTableViewCell.m; sourceTree = "<group>"; };
		2EFEB7AE1F17494E0007074B /* TimeModel.h */ = {isa = PBXFileReference; fileEncoding = 4; lastKnownFileType = sourcecode.c.h; path = TimeModel.h; sourceTree = "<group>"; };
		2EFEB7AF1F17494E0007074B /* TimeModel.m */ = {isa = PBXFileReference; fileEncoding = 4; lastKnownFileType = sourcecode.c.objc; path = TimeModel.m; sourceTree = "<group>"; };
		2EFEB7B21F174BBC0007074B /* PrefixHeader.pch */ = {isa = PBXFileReference; fileEncoding = 4; lastKnownFileType = sourcecode.c.h; path = PrefixHeader.pch; sourceTree = "<group>"; };
		2EFEB7B51F1750830007074B /* UIView+Frame.h */ = {isa = PBXFileReference; fileEncoding = 4; lastKnownFileType = sourcecode.c.h; path = "UIView+Frame.h"; sourceTree = "<group>"; };
		2EFEB7B61F1750830007074B /* UIView+Frame.m */ = {isa = PBXFileReference; fileEncoding = 4; lastKnownFileType = sourcecode.c.objc; path = "UIView+Frame.m"; sourceTree = "<group>"; };
/* End PBXFileReference section */

/* Begin PBXFrameworksBuildPhase section */
		2EFEB7601F17442B0007074B /* Frameworks */ = {
			isa = PBXFrameworksBuildPhase;
			buildActionMask = 2147483647;
			files = (
			);
			runOnlyForDeploymentPostprocessing = 0;
		};
		2EFEB7791F17442B0007074B /* Frameworks */ = {
			isa = PBXFrameworksBuildPhase;
			buildActionMask = 2147483647;
			files = (
			);
			runOnlyForDeploymentPostprocessing = 0;
		};
		2EFEB7841F17442B0007074B /* Frameworks */ = {
			isa = PBXFrameworksBuildPhase;
			buildActionMask = 2147483647;
			files = (
			);
			runOnlyForDeploymentPostprocessing = 0;
		};
/* End PBXFrameworksBuildPhase section */

/* Begin PBXGroup section */
		2EFEB75A1F17442A0007074B = {
			isa = PBXGroup;
			children = (
				2EFEB7651F17442B0007074B /* TableVeiwcellTimeCountdown */,
				2EFEB77F1F17442B0007074B /* TableVeiwcellTimeCountdownTests */,
				2EFEB78A1F17442B0007074B /* TableVeiwcellTimeCountdownUITests */,
				2EFEB7641F17442B0007074B /* Products */,
			);
			sourceTree = "<group>";
		};
		2EFEB7641F17442B0007074B /* Products */ = {
			isa = PBXGroup;
			children = (
				2EFEB7631F17442B0007074B /* TableVeiwcellTimeCountdown.app */,
				2EFEB77C1F17442B0007074B /* TableVeiwcellTimeCountdownTests.xctest */,
				2EFEB7871F17442B0007074B /* TableVeiwcellTimeCountdownUITests.xctest */,
			);
			name = Products;
			sourceTree = "<group>";
		};
		2EFEB7651F17442B0007074B /* TableVeiwcellTimeCountdown */ = {
			isa = PBXGroup;
			children = (
				2EFEB7B11F174BAE0007074B /* PCH */,
				2EFEB7991F1745520007074B /* AppDelegate */,
				2EFEB7A11F1748140007074B /* Classes */,
				2EFEB7B31F17504D0007074B /* Other */,
				2EFEB7661F17442B0007074B /* Supporting Files */,
			);
			path = TableVeiwcellTimeCountdown;
			sourceTree = "<group>";
		};
		2EFEB7661F17442B0007074B /* Supporting Files */ = {
			isa = PBXGroup;
			children = (
				2EFEB76F1F17442B0007074B /* Main.storyboard */,
				2EFEB7721F17442B0007074B /* Assets.xcassets */,
				2EFEB7741F17442B0007074B /* LaunchScreen.storyboard */,
				2EFEB7771F17442B0007074B /* Info.plist */,
				2EFEB7671F17442B0007074B /* main.m */,
			);
			name = "Supporting Files";
			sourceTree = "<group>";
		};
		2EFEB77F1F17442B0007074B /* TableVeiwcellTimeCountdownTests */ = {
			isa = PBXGroup;
			children = (
				2EFEB7801F17442B0007074B /* TableVeiwcellTimeCountdownTests.m */,
				2EFEB7821F17442B0007074B /* Info.plist */,
			);
			path = TableVeiwcellTimeCountdownTests;
			sourceTree = "<group>";
		};
		2EFEB78A1F17442B0007074B /* TableVeiwcellTimeCountdownUITests */ = {
			isa = PBXGroup;
			children = (
				2EFEB78B1F17442B0007074B /* TableVeiwcellTimeCountdownUITests.m */,
				2EFEB78D1F17442B0007074B /* Info.plist */,
			);
			path = TableVeiwcellTimeCountdownUITests;
			sourceTree = "<group>";
		};
		2EFEB7991F1745520007074B /* AppDelegate */ = {
			isa = PBXGroup;
			children = (
				2EFEB79A1F1745520007074B /* AppDelegate.h */,
				2EFEB79B1F1745520007074B /* AppDelegate.m */,
			);
			path = AppDelegate;
			sourceTree = "<group>";
		};
		2EFEB7A11F1748140007074B /* Classes */ = {
			isa = PBXGroup;
			children = (
				2EFEB7A31F1748140007074B /* ViewController */,
				2EFEB7A21F1748140007074B /* View */,
				2EFEB7AD1F1749360007074B /* Model */,
			);
			path = Classes;
			sourceTree = "<group>";
		};
		2EFEB7A21F1748140007074B /* View */ = {
			isa = PBXGroup;
			children = (
				2EFEB7AA1F1748A80007074B /* CountdownTableViewCell.h */,
				2EFEB7AB1F1748A80007074B /* CountdownTableViewCell.m */,
			);
			path = View;
			sourceTree = "<group>";
		};
		2EFEB7A31F1748140007074B /* ViewController */ = {
			isa = PBXGroup;
			children = (
				2EFEB7A71F1748570007074B /* CountdownViewController.h */,
				2EFEB7A81F1748570007074B /* CountdownViewController.m */,
			);
			path = ViewController;
			sourceTree = "<group>";
		};
		2EFEB7AD1F1749360007074B /* Model */ = {
			isa = PBXGroup;
			children = (
				2EFEB7AE1F17494E0007074B /* TimeModel.h */,
				2EFEB7AF1F17494E0007074B /* TimeModel.m */,
			);
			path = Model;
			sourceTree = "<group>";
		};
		2EFEB7B11F174BAE0007074B /* PCH */ = {
			isa = PBXGroup;
			children = (
				2EFEB7B21F174BBC0007074B /* PrefixHeader.pch */,
			);
			path = PCH;
			sourceTree = "<group>";
		};
		2EFEB7B31F17504D0007074B /* Other */ = {
			isa = PBXGroup;
			children = (
				2EFEB7B41F17504D0007074B /* Category */,
			);
			path = Other;
			sourceTree = "<group>";
		};
		2EFEB7B41F17504D0007074B /* Category */ = {
			isa = PBXGroup;
			children = (
				2EFEB7B51F1750830007074B /* UIView+Frame.h */,
				2EFEB7B61F1750830007074B /* UIView+Frame.m */,
			);
			path = Category;
			sourceTree = "<group>";
		};
/* End PBXGroup section */

/* Begin PBXNativeTarget section */
		2EFEB7621F17442B0007074B /* TableVeiwcellTimeCountdown */ = {
			isa = PBXNativeTarget;
			buildConfigurationList = 2EFEB7901F17442B0007074B /* Build configuration list for PBXNativeTarget "TableVeiwcellTimeCountdown" */;
			buildPhases = (
				2EFEB75F1F17442B0007074B /* Sources */,
				2EFEB7601F17442B0007074B /* Frameworks */,
				2EFEB7611F17442B0007074B /* Resources */,
			);
			buildRules = (
			);
			dependencies = (
			);
			name = TableVeiwcellTimeCountdown;
			productName = TableVeiwcellTimeCountdown;
			productReference = 2EFEB7631F17442B0007074B /* TableVeiwcellTimeCountdown.app */;
			productType = "com.apple.product-type.application";
		};
		2EFEB77B1F17442B0007074B /* TableVeiwcellTimeCountdownTests */ = {
			isa = PBXNativeTarget;
			buildConfigurationList = 2EFEB7931F17442B0007074B /* Build configuration list for PBXNativeTarget "TableVeiwcellTimeCountdownTests" */;
			buildPhases = (
				2EFEB7781F17442B0007074B /* Sources */,
				2EFEB7791F17442B0007074B /* Frameworks */,
				2EFEB77A1F17442B0007074B /* Resources */,
			);
			buildRules = (
			);
			dependencies = (
				2EFEB77E1F17442B0007074B /* PBXTargetDependency */,
			);
			name = TableVeiwcellTimeCountdownTests;
			productName = TableVeiwcellTimeCountdownTests;
			productReference = 2EFEB77C1F17442B0007074B /* TableVeiwcellTimeCountdownTests.xctest */;
			productType = "com.apple.product-type.bundle.unit-test";
		};
		2EFEB7861F17442B0007074B /* TableVeiwcellTimeCountdownUITests */ = {
			isa = PBXNativeTarget;
			buildConfigurationList = 2EFEB7961F17442B0007074B /* Build configuration list for PBXNativeTarget "TableVeiwcellTimeCountdownUITests" */;
			buildPhases = (
				2EFEB7831F17442B0007074B /* Sources */,
				2EFEB7841F17442B0007074B /* Frameworks */,
				2EFEB7851F17442B0007074B /* Resources */,
			);
			buildRules = (
			);
			dependencies = (
				2EFEB7891F17442B0007074B /* PBXTargetDependency */,
			);
			name = TableVeiwcellTimeCountdownUITests;
			productName = TableVeiwcellTimeCountdownUITests;
			productReference = 2EFEB7871F17442B0007074B /* TableVeiwcellTimeCountdownUITests.xctest */;
			productType = "com.apple.product-type.bundle.ui-testing";
		};
/* End PBXNativeTarget section */

/* Begin PBXProject section */
		2EFEB75B1F17442A0007074B /* Project object */ = {
			isa = PBXProject;
			attributes = {
				LastUpgradeCheck = 0830;
				ORGANIZATIONNAME = lujh;
				TargetAttributes = {
					2EFEB7621F17442B0007074B = {
						CreatedOnToolsVersion = 8.3.2;
						DevelopmentTeam = 9M422A22FH;
						ProvisioningStyle = Automatic;
					};
					2EFEB77B1F17442B0007074B = {
						CreatedOnToolsVersion = 8.3.2;
						DevelopmentTeam = 9M422A22FH;
						ProvisioningStyle = Automatic;
						TestTargetID = 2EFEB7621F17442B0007074B;
					};
					2EFEB7861F17442B0007074B = {
						CreatedOnToolsVersion = 8.3.2;
						DevelopmentTeam = 9M422A22FH;
						ProvisioningStyle = Automatic;
						TestTargetID = 2EFEB7621F17442B0007074B;
					};
				};
			};
			buildConfigurationList = 2EFEB75E1F17442A0007074B /* Build configuration list for PBXProject "TableVeiwcellTimeCountdown" */;
			compatibilityVersion = "Xcode 3.2";
			developmentRegion = English;
			hasScannedForEncodings = 0;
			knownRegions = (
				en,
				Base,
			);
			mainGroup = 2EFEB75A1F17442A0007074B;
			productRefGroup = 2EFEB7641F17442B0007074B /* Products */;
			projectDirPath = "";
			projectRoot = "";
			targets = (
				2EFEB7621F17442B0007074B /* TableVeiwcellTimeCountdown */,
				2EFEB77B1F17442B0007074B /* TableVeiwcellTimeCountdownTests */,
				2EFEB7861F17442B0007074B /* TableVeiwcellTimeCountdownUITests */,
			);
		};
/* End PBXProject section */

/* Begin PBXResourcesBuildPhase section */
		2EFEB7611F17442B0007074B /* Resources */ = {
			isa = PBXResourcesBuildPhase;
			buildActionMask = 2147483647;
			files = (
				2EFEB7761F17442B0007074B /* LaunchScreen.storyboard in Resources */,
				2EFEB7731F17442B0007074B /* Assets.xcassets in Resources */,
				2EFEB7711F17442B0007074B /* Main.storyboard in Resources */,
			);
			runOnlyForDeploymentPostprocessing = 0;
		};
		2EFEB77A1F17442B0007074B /* Resources */ = {
			isa = PBXResourcesBuildPhase;
			buildActionMask = 2147483647;
			files = (
			);
			runOnlyForDeploymentPostprocessing = 0;
		};
		2EFEB7851F17442B0007074B /* Resources */ = {
			isa = PBXResourcesBuildPhase;
			buildActionMask = 2147483647;
			files = (
			);
			runOnlyForDeploymentPostprocessing = 0;
		};
/* End PBXResourcesBuildPhase section */

/* Begin PBXSourcesBuildPhase section */
		2EFEB75F1F17442B0007074B /* Sources */ = {
			isa = PBXSourcesBuildPhase;
			buildActionMask = 2147483647;
			files = (
				2EFEB7B71F1750830007074B /* UIView+Frame.m in Sources */,
				2EFEB7A91F1748570007074B /* CountdownViewController.m in Sources */,
				2EFEB79F1F1745520007074B /* AppDelegate.m in Sources */,
				2EFEB7681F17442B0007074B /* main.m in Sources */,
				2EFEB7B01F17494E0007074B /* TimeModel.m in Sources */,
				2EFEB7AC1F1748A80007074B /* CountdownTableViewCell.m in Sources */,
			);
			runOnlyForDeploymentPostprocessing = 0;
		};
		2EFEB7781F17442B0007074B /* Sources */ = {
			isa = PBXSourcesBuildPhase;
			buildActionMask = 2147483647;
			files = (
				2EFEB7811F17442B0007074B /* TableVeiwcellTimeCountdownTests.m in Sources */,
			);
			runOnlyForDeploymentPostprocessing = 0;
		};
		2EFEB7831F17442B0007074B /* Sources */ = {
			isa = PBXSourcesBuildPhase;
			buildActionMask = 2147483647;
			files = (
				2EFEB78C1F17442B0007074B /* TableVeiwcellTimeCountdownUITests.m in Sources */,
			);
			runOnlyForDeploymentPostprocessing = 0;
		};
/* End PBXSourcesBuildPhase section */

/* Begin PBXTargetDependency section */
		2EFEB77E1F17442B0007074B /* PBXTargetDependency */ = {
			isa = PBXTargetDependency;
			target = 2EFEB7621F17442B0007074B /* TableVeiwcellTimeCountdown */;
			targetProxy = 2EFEB77D1F17442B0007074B /* PBXContainerItemProxy */;
		};
		2EFEB7891F17442B0007074B /* PBXTargetDependency */ = {
			isa = PBXTargetDependency;
			target = 2EFEB7621F17442B0007074B /* TableVeiwcellTimeCountdown */;
			targetProxy = 2EFEB7881F17442B0007074B /* PBXContainerItemProxy */;
		};
/* End PBXTargetDependency section */

/* Begin PBXVariantGroup section */
		2EFEB76F1F17442B0007074B /* Main.storyboard */ = {
			isa = PBXVariantGroup;
			children = (
				2EFEB7701F17442B0007074B /* Base */,
			);
			name = Main.storyboard;
			sourceTree = "<group>";
		};
		2EFEB7741F17442B0007074B /* LaunchScreen.storyboard */ = {
			isa = PBXVariantGroup;
			children = (
				2EFEB7751F17442B0007074B /* Base */,
			);
			name = LaunchScreen.storyboard;
			sourceTree = "<group>";
		};
/* End PBXVariantGroup section */

/* Begin XCBuildConfiguration section */
		2EFEB78E1F17442B0007074B /* Debug */ = {
			isa = XCBuildConfiguration;
			buildSettings = {
				ALWAYS_SEARCH_USER_PATHS = NO;
				CLANG_ANALYZER_NONNULL = YES;
				CLANG_ANALYZER_NUMBER_OBJECT_CONVERSION = YES_AGGRESSIVE;
				CLANG_CXX_LANGUAGE_STANDARD = "gnu++0x";
				CLANG_CXX_LIBRARY = "libc++";
				CLANG_ENABLE_MODULES = YES;
				CLANG_ENABLE_OBJC_ARC = YES;
				CLANG_WARN_BOOL_CONVERSION = YES;
				CLANG_WARN_CONSTANT_CONVERSION = YES;
				CLANG_WARN_DIRECT_OBJC_ISA_USAGE = YES_ERROR;
				CLANG_WARN_DOCUMENTATION_COMMENTS = YES;
				CLANG_WARN_EMPTY_BODY = YES;
				CLANG_WARN_ENUM_CONVERSION = YES;
				CLANG_WARN_INFINITE_RECURSION = YES;
				CLANG_WARN_INT_CONVERSION = YES;
				CLANG_WARN_OBJC_ROOT_CLASS = YES_ERROR;
				CLANG_WARN_SUSPICIOUS_MOVE = YES;
				CLANG_WARN_UNREACHABLE_CODE = YES;
				CLANG_WARN__DUPLICATE_METHOD_MATCH = YES;
				"CODE_SIGN_IDENTITY[sdk=iphoneos*]" = "iPhone Developer";
				COPY_PHASE_STRIP = NO;
				DEBUG_INFORMATION_FORMAT = dwarf;
				ENABLE_STRICT_OBJC_MSGSEND = YES;
				ENABLE_TESTABILITY = YES;
				GCC_C_LANGUAGE_STANDARD = gnu99;
				GCC_DYNAMIC_NO_PIC = NO;
				GCC_NO_COMMON_BLOCKS = YES;
				GCC_OPTIMIZATION_LEVEL = 0;
				GCC_PREPROCESSOR_DEFINITIONS = (
					"DEBUG=1",
					"$(inherited)",
				);
				GCC_WARN_64_TO_32_BIT_CONVERSION = YES;
				GCC_WARN_ABOUT_RETURN_TYPE = YES_ERROR;
				GCC_WARN_UNDECLARED_SELECTOR = YES;
				GCC_WARN_UNINITIALIZED_AUTOS = YES_AGGRESSIVE;
				GCC_WARN_UNUSED_FUNCTION = YES;
				GCC_WARN_UNUSED_VARIABLE = YES;
				IPHONEOS_DEPLOYMENT_TARGET = 10.3;
				MTL_ENABLE_DEBUG_INFO = YES;
				ONLY_ACTIVE_ARCH = YES;
				SDKROOT = iphoneos;
				TARGETED_DEVICE_FAMILY = "1,2";
			};
			name = Debug;
		};
		2EFEB78F1F17442B0007074B /* Release */ = {
			isa = XCBuildConfiguration;
			buildSettings = {
				ALWAYS_SEARCH_USER_PATHS = NO;
				CLANG_ANALYZER_NONNULL = YES;
				CLANG_ANALYZER_NUMBER_OBJECT_CONVERSION = YES_AGGRESSIVE;
				CLANG_CXX_LANGUAGE_STANDARD = "gnu++0x";
				CLANG_CXX_LIBRARY = "libc++";
				CLANG_ENABLE_MODULES = YES;
				CLANG_ENABLE_OBJC_ARC = YES;
				CLANG_WARN_BOOL_CONVERSION = YES;
				CLANG_WARN_CONSTANT_CONVERSION = YES;
				CLANG_WARN_DIRECT_OBJC_ISA_USAGE = YES_ERROR;
				CLANG_WARN_DOCUMENTATION_COMMENTS = YES;
				CLANG_WARN_EMPTY_BODY = YES;
				CLANG_WARN_ENUM_CONVERSION = YES;
				CLANG_WARN_INFINITE_RECURSION = YES;
				CLANG_WARN_INT_CONVERSION = YES;
				CLANG_WARN_OBJC_ROOT_CLASS = YES_ERROR;
				CLANG_WARN_SUSPICIOUS_MOVE = YES;
				CLANG_WARN_UNREACHABLE_CODE = YES;
				CLANG_WARN__DUPLICATE_METHOD_MATCH = YES;
				"CODE_SIGN_IDENTITY[sdk=iphoneos*]" = "iPhone Developer";
				COPY_PHASE_STRIP = NO;
				DEBUG_INFORMATION_FORMAT = "dwarf-with-dsym";
				ENABLE_NS_ASSERTIONS = NO;
				ENABLE_STRICT_OBJC_MSGSEND = YES;
				GCC_C_LANGUAGE_STANDARD = gnu99;
				GCC_NO_COMMON_BLOCKS = YES;
				GCC_WARN_64_TO_32_BIT_CONVERSION = YES;
				GCC_WARN_ABOUT_RETURN_TYPE = YES_ERROR;
				GCC_WARN_UNDECLARED_SELECTOR = YES;
				GCC_WARN_UNINITIALIZED_AUTOS = YES_AGGRESSIVE;
				GCC_WARN_UNUSED_FUNCTION = YES;
				GCC_WARN_UNUSED_VARIABLE = YES;
				IPHONEOS_DEPLOYMENT_TARGET = 10.3;
				MTL_ENABLE_DEBUG_INFO = NO;
				SDKROOT = iphoneos;
				TARGETED_DEVICE_FAMILY = "1,2";
				VALIDATE_PRODUCT = YES;
			};
			name = Release;
		};
		2EFEB7911F17442B0007074B /* Debug */ = {
			isa = XCBuildConfiguration;
			buildSettings = {
				ASSETCATALOG_COMPILER_APPICON_NAME = AppIcon;
				DEVELOPMENT_TEAM = 9M422A22FH;
				GCC_PRECOMPILE_PREFIX_HEADER = YES;
				GCC_PREFIX_HEADER = "$(PROJECT_DIR)/TableVeiwcellTimeCountdown/PCH/PrefixHeader.pch";
				INFOPLIST_FILE = TableVeiwcellTimeCountdown/Info.plist;
				LD_RUNPATH_SEARCH_PATHS = "$(inherited) @executable_path/Frameworks";
				PRODUCT_BUNDLE_IDENTIFIER = com.stronguion.cn.TableVeiwcellTimeCountdown;
				PRODUCT_NAME = "$(TARGET_NAME)";
			};
			name = Debug;
		};
		2EFEB7921F17442B0007074B /* Release */ = {
			isa = XCBuildConfiguration;
			buildSettings = {
				ASSETCATALOG_COMPILER_APPICON_NAME = AppIcon;
				DEVELOPMENT_TEAM = 9M422A22FH;
				GCC_PRECOMPILE_PREFIX_HEADER = YES;
				GCC_PREFIX_HEADER = "$(PROJECT_DIR)/TableVeiwcellTimeCountdown/PCH/PrefixHeader.pch";
				INFOPLIST_FILE = TableVeiwcellTimeCountdown/Info.plist;
				LD_RUNPATH_SEARCH_PATHS = "$(inherited) @executable_path/Frameworks";
				PRODUCT_BUNDLE_IDENTIFIER = com.stronguion.cn.TableVeiwcellTimeCountdown;
				PRODUCT_NAME = "$(TARGET_NAME)";
			};
			name = Release;
		};
		2EFEB7941F17442B0007074B /* Debug */ = {
			isa = XCBuildConfiguration;
			buildSettings = {
				BUNDLE_LOADER = "$(TEST_HOST)";
				DEVELOPMENT_TEAM = 9M422A22FH;
				INFOPLIST_FILE = TableVeiwcellTimeCountdownTests/Info.plist;
				LD_RUNPATH_SEARCH_PATHS = "$(inherited) @executable_path/Frameworks @loader_path/Frameworks";
				PRODUCT_BUNDLE_IDENTIFIER = com.stronguion.cn.TableVeiwcellTimeCountdownTests;
				PRODUCT_NAME = "$(TARGET_NAME)";
				TEST_HOST = "$(BUILT_PRODUCTS_DIR)/TableVeiwcellTimeCountdown.app/TableVeiwcellTimeCountdown";
			};
			name = Debug;
		};
		2EFEB7951F17442B0007074B /* Release */ = {
			isa = XCBuildConfiguration;
			buildSettings = {
				BUNDLE_LOADER = "$(TEST_HOST)";
				DEVELOPMENT_TEAM = 9M422A22FH;
				INFOPLIST_FILE = TableVeiwcellTimeCountdownTests/Info.plist;
				LD_RUNPATH_SEARCH_PATHS = "$(inherited) @executable_path/Frameworks @loader_path/Frameworks";
				PRODUCT_BUNDLE_IDENTIFIER = com.stronguion.cn.TableVeiwcellTimeCountdownTests;
				PRODUCT_NAME = "$(TARGET_NAME)";
				TEST_HOST = "$(BUILT_PRODUCTS_DIR)/TableVeiwcellTimeCountdown.app/TableVeiwcellTimeCountdown";
			};
			name = Release;
		};
		2EFEB7971F17442B0007074B /* Debug */ = {
			isa = XCBuildConfiguration;
			buildSettings = {
				DEVELOPMENT_TEAM = 9M422A22FH;
				INFOPLIST_FILE = TableVeiwcellTimeCountdownUITests/Info.plist;
				LD_RUNPATH_SEARCH_PATHS = "$(inherited) @executable_path/Frameworks @loader_path/Frameworks";
				PRODUCT_BUNDLE_IDENTIFIER = com.stronguion.cn.TableVeiwcellTimeCountdownUITests;
				PRODUCT_NAME = "$(TARGET_NAME)";
				TEST_TARGET_NAME = TableVeiwcellTimeCountdown;
			};
			name = Debug;
		};
		2EFEB7981F17442B0007074B /* Release */ = {
			isa = XCBuildConfiguration;
			buildSettings = {
				DEVELOPMENT_TEAM = 9M422A22FH;
				INFOPLIST_FILE = TableVeiwcellTimeCountdownUITests/Info.plist;
				LD_RUNPATH_SEARCH_PATHS = "$(inherited) @executable_path/Frameworks @loader_path/Frameworks";
				PRODUCT_BUNDLE_IDENTIFIER = com.stronguion.cn.TableVeiwcellTimeCountdownUITests;
				PRODUCT_NAME = "$(TARGET_NAME)";
				TEST_TARGET_NAME = TableVeiwcellTimeCountdown;
			};
			name = Release;
		};
/* End XCBuildConfiguration section */

/* Begin XCConfigurationList section */
		2EFEB75E1F17442A0007074B /* Build configuration list for PBXProject "TableVeiwcellTimeCountdown" */ = {
			isa = XCConfigurationList;
			buildConfigurations = (
				2EFEB78E1F17442B0007074B /* Debug */,
				2EFEB78F1F17442B0007074B /* Release */,
			);
			defaultConfigurationIsVisible = 0;
			defaultConfigurationName = Release;
		};
		2EFEB7901F17442B0007074B /* Build configuration list for PBXNativeTarget "TableVeiwcellTimeCountdown" */ = {
			isa = XCConfigurationList;
			buildConfigurations = (
				2EFEB7911F17442B0007074B /* Debug */,
				2EFEB7921F17442B0007074B /* Release */,
			);
			defaultConfigurationIsVisible = 0;
			defaultConfigurationName = Release;
		};
		2EFEB7931F17442B0007074B /* Build configuration list for PBXNativeTarget "TableVeiwcellTimeCountdownTests" */ = {
			isa = XCConfigurationList;
			buildConfigurations = (
				2EFEB7941F17442B0007074B /* Debug */,
				2EFEB7951F17442B0007074B /* Release */,
			);
			defaultConfigurationIsVisible = 0;
			defaultConfigurationName = Release;
		};
		2EFEB7961F17442B0007074B /* Build configuration list for PBXNativeTarget "TableVeiwcellTimeCountdownUITests" */ = {
			isa = XCConfigurationList;
			buildConfigurations = (
				2EFEB7971F17442B0007074B /* Debug */,
				2EFEB7981F17442B0007074B /* Release */,
			);
			defaultConfigurationIsVisible = 0;
			defaultConfigurationName = Release;
		};
/* End XCConfigurationList section */
	};
	rootObject = 2EFEB75B1F17442A0007074B /* Project object */;
}
